
Microsoft Visual Studio Solution File, Format Version 12.00
# Visual Studio Version 17
VisualStudioVersion = 17.14.36121.58
MinimumVisualStudioVersion = 10.0.40219.1
Project("{9A19103F-16F7-4668-BE54-9A1E7A4F7556}") = "ApplicationFrameWork", "ApplicationFrameWork\ApplicationFrameWork.csproj", "{6568B56F-2351-4496-A1D0-9A995BC1B8F8}"
EndProject
Project("{9A19103F-16F7-4668-BE54-9A1E7A4F7556}") = "Application.Common", "Application.Common\Application.Common.csproj", "{D109B2CF-CDE1-4E6F-BF9A-0E753CC7D456}"
EndProject
Project("{9A19103F-16F7-4668-BE54-9A1E7A4F7556}") = "Application.Modbus", "Application.Modbus\Application.Modbus.csproj", "{2501CE4A-3F4F-4E77-B6FD-7C3FEEC8C8E2}"
EndProject
Project("{9A19103F-16F7-4668-BE54-9A1E7A4F7556}") = "Application.Model", "Application.Model\Application.Model.csproj", "{10F535E5-F8F1-4FE7-AF07-9E604EA88662}"
EndProject
Project("{9A19103F-16F7-4668-BE54-9A1E7A4F7556}") = "NModbus4", "NModbus4\NModbus4.csproj", "{BFC93E9E-7DF1-DE76-A516-6A8B8191BBCE}"
EndProject
Project("{9A19103F-16F7-4668-BE54-9A1E7A4F7556}") = "Application.S7net", "Application.S7net\Application.S7net.csproj", "{9A8E0233-C3F4-428D-A748-9DE9E9D37AC0}"
EndProject
Project("{9A19103F-16F7-4668-BE54-9A1E7A4F7556}") = "S7.Net", "S7.Net\S7.Net.csproj", "{D78F17EC-A83A-4650-AA79-B21378698A66}"
EndProject
Project("{2150E333-8FDC-42A3-9474-1A3956D46DE8}") = "Communication", "Communication", "{D0C737FB-F339-445A-8BE6-8B5106358AFE}"
EndProject
Project("{2150E333-8FDC-42A3-9474-1A3956D46DE8}") = "Protocol", "Protocol", "{1704C3CC-BD92-4E4B-8A08-31860941F74F}"
EndProject
Project("{2150E333-8FDC-42A3-9474-1A3956D46DE8}") = "DAL", "DAL", "{27844A15-2693-45E1-9B05-BB6666FC128D}"
EndProject
Project("{9A19103F-16F7-4668-BE54-9A1E7A4F7556}") = "Application.IDAL", "Application.IDAL\Application.IDAL.csproj", "{123F82BC-F326-436A-8E9C-B0816859B16E}"
EndProject
Project("{9A19103F-16F7-4668-BE54-9A1E7A4F7556}") = "Application.DAL", "Application.DAL\Application.DAL.csproj", "{A790B055-ED79-41D6-94F8-BDE563439933}"
EndProject
Project("{9A19103F-16F7-4668-BE54-9A1E7A4F7556}") = "Application.Main", "Application.Main\Application.Main.csproj", "{038F7EA3-F43F-412B-9F03-D99CB9502C13}"
EndProject
Project("{2150E333-8FDC-42A3-9474-1A3956D46DE8}") = "Application", "Application", "{02EA681E-C7D8-13C7-8484-4AC65E1B71E8}"
EndProject
Project("{2150E333-8FDC-42A3-9474-1A3956D46DE8}") = "Core", "Core", "{16BCABEE-0867-4DA2-BC51-61B740A4DB43}"
EndProject
Project("{9A19103F-16F7-4668-BE54-9A1E7A4F7556}") = "Application.Logger", "Application.Logger\Application.Logger.csproj", "{89BEF829-90F7-4127-9877-565D4BA955EF}"
EndProject
Project("{9A19103F-16F7-4668-BE54-9A1E7A4F7556}") = "Application.UI", "Application.UI\Application.UI.csproj", "{0D068EED-BCEE-463C-A51F-E535458A72C2}"
EndProject
Project("{2150E333-8FDC-42A3-9474-1A3956D46DE8}") = "HardWare", "HardWare", "{9532FB79-61A9-4397-9CE8-09E2E6FB9DE1}"
EndProject
Project("{9A19103F-16F7-4668-BE54-9A1E7A4F7556}") = "Application.Login", "Application.Login\Application.Login.csproj", "{B7A327D9-B3DD-4035-A655-4DC54B9930C6}"
EndProject
Global
	GlobalSection(SolutionConfigurationPlatforms) = preSolution
		Debug|Any CPU = Debug|Any CPU
		Release|Any CPU = Release|Any CPU
	EndGlobalSection
	GlobalSection(ProjectConfigurationPlatforms) = postSolution
		{6568B56F-2351-4496-A1D0-9A995BC1B8F8}.Debug|Any CPU.ActiveCfg = Debug|Any CPU
		{6568B56F-2351-4496-A1D0-9A995BC1B8F8}.Debug|Any CPU.Build.0 = Debug|Any CPU
		{6568B56F-2351-4496-A1D0-9A995BC1B8F8}.Release|Any CPU.ActiveCfg = Release|Any CPU
		{6568B56F-2351-4496-A1D0-9A995BC1B8F8}.Release|Any CPU.Build.0 = Release|Any CPU
		{D109B2CF-CDE1-4E6F-BF9A-0E753CC7D456}.Debug|Any CPU.ActiveCfg = Debug|Any CPU
		{D109B2CF-CDE1-4E6F-BF9A-0E753CC7D456}.Debug|Any CPU.Build.0 = Debug|Any CPU
		{D109B2CF-CDE1-4E6F-BF9A-0E753CC7D456}.Release|Any CPU.ActiveCfg = Release|Any CPU
		{D109B2CF-CDE1-4E6F-BF9A-0E753CC7D456}.Release|Any CPU.Build.0 = Release|Any CPU
		{2501CE4A-3F4F-4E77-B6FD-7C3FEEC8C8E2}.Debug|Any CPU.ActiveCfg = Debug|Any CPU
		{2501CE4A-3F4F-4E77-B6FD-7C3FEEC8C8E2}.Debug|Any CPU.Build.0 = Debug|Any CPU
		{2501CE4A-3F4F-4E77-B6FD-7C3FEEC8C8E2}.Release|Any CPU.ActiveCfg = Release|Any CPU
		{2501CE4A-3F4F-4E77-B6FD-7C3FEEC8C8E2}.Release|Any CPU.Build.0 = Release|Any CPU
		{10F535E5-F8F1-4FE7-AF07-9E604EA88662}.Debug|Any CPU.ActiveCfg = Debug|Any CPU
		{10F535E5-F8F1-4FE7-AF07-9E604EA88662}.Debug|Any CPU.Build.0 = Debug|Any CPU
		{10F535E5-F8F1-4FE7-AF07-9E604EA88662}.Release|Any CPU.ActiveCfg = Release|Any CPU
		{10F535E5-F8F1-4FE7-AF07-9E604EA88662}.Release|Any CPU.Build.0 = Release|Any CPU
		{BFC93E9E-7DF1-DE76-A516-6A8B8191BBCE}.Debug|Any CPU.ActiveCfg = Debug|Any CPU
		{BFC93E9E-7DF1-DE76-A516-6A8B8191BBCE}.Debug|Any CPU.Build.0 = Debug|Any CPU
		{BFC93E9E-7DF1-DE76-A516-6A8B8191BBCE}.Release|Any CPU.ActiveCfg = Release|Any CPU
		{BFC93E9E-7DF1-DE76-A516-6A8B8191BBCE}.Release|Any CPU.Build.0 = Release|Any CPU
		{9A8E0233-C3F4-428D-A748-9DE9E9D37AC0}.Debug|Any CPU.ActiveCfg = Debug|Any CPU
		{9A8E0233-C3F4-428D-A748-9DE9E9D37AC0}.Debug|Any CPU.Build.0 = Debug|Any CPU
		{9A8E0233-C3F4-428D-A748-9DE9E9D37AC0}.Release|Any CPU.ActiveCfg = Release|Any CPU
		{9A8E0233-C3F4-428D-A748-9DE9E9D37AC0}.Release|Any CPU.Build.0 = Release|Any CPU
		{D78F17EC-A83A-4650-AA79-B21378698A66}.Debug|Any CPU.ActiveCfg = Debug|Any CPU
		{D78F17EC-A83A-4650-AA79-B21378698A66}.Debug|Any CPU.Build.0 = Debug|Any CPU
		{D78F17EC-A83A-4650-AA79-B21378698A66}.Release|Any CPU.ActiveCfg = Release|Any CPU
		{D78F17EC-A83A-4650-AA79-B21378698A66}.Release|Any CPU.Build.0 = Release|Any CPU
		{123F82BC-F326-436A-8E9C-B0816859B16E}.Debug|Any CPU.ActiveCfg = Debug|Any CPU
		{123F82BC-F326-436A-8E9C-B0816859B16E}.Debug|Any CPU.Build.0 = Debug|Any CPU
		{123F82BC-F326-436A-8E9C-B0816859B16E}.Release|Any CPU.ActiveCfg = Release|Any CPU
		{123F82BC-F326-436A-8E9C-B0816859B16E}.Release|Any CPU.Build.0 = Release|Any CPU
		{A790B055-ED79-41D6-94F8-BDE563439933}.Debug|Any CPU.ActiveCfg = Debug|Any CPU
		{A790B055-ED79-41D6-94F8-BDE563439933}.Debug|Any CPU.Build.0 = Debug|Any CPU
		{A790B055-ED79-41D6-94F8-BDE563439933}.Release|Any CPU.ActiveCfg = Release|Any CPU
		{A790B055-ED79-41D6-94F8-BDE563439933}.Release|Any CPU.Build.0 = Release|Any CPU
		{038F7EA3-F43F-412B-9F03-D99CB9502C13}.Debug|Any CPU.ActiveCfg = Debug|Any CPU
		{038F7EA3-F43F-412B-9F03-D99CB9502C13}.Debug|Any CPU.Build.0 = Debug|Any CPU
		{038F7EA3-F43F-412B-9F03-D99CB9502C13}.Release|Any CPU.ActiveCfg = Release|Any CPU
		{038F7EA3-F43F-412B-9F03-D99CB9502C13}.Release|Any CPU.Build.0 = Release|Any CPU
		{89BEF829-90F7-4127-9877-565D4BA955EF}.Debug|Any CPU.ActiveCfg = Debug|Any CPU
		{89BEF829-90F7-4127-9877-565D4BA955EF}.Debug|Any CPU.Build.0 = Debug|Any CPU
		{89BEF829-90F7-4127-9877-565D4BA955EF}.Release|Any CPU.ActiveCfg = Release|Any CPU
		{89BEF829-90F7-4127-9877-565D4BA955EF}.Release|Any CPU.Build.0 = Release|Any CPU
		{0D068EED-BCEE-463C-A51F-E535458A72C2}.Debug|Any CPU.ActiveCfg = Debug|Any CPU
		{0D068EED-BCEE-463C-A51F-E535458A72C2}.Debug|Any CPU.Build.0 = Debug|Any CPU
		{0D068EED-BCEE-463C-A51F-E535458A72C2}.Release|Any CPU.ActiveCfg = Release|Any CPU
		{0D068EED-BCEE-463C-A51F-E535458A72C2}.Release|Any CPU.Build.0 = Release|Any CPU
		{B7A327D9-B3DD-4035-A655-4DC54B9930C6}.Debug|Any CPU.ActiveCfg = Debug|Any CPU
		{B7A327D9-B3DD-4035-A655-4DC54B9930C6}.Debug|Any CPU.Build.0 = Debug|Any CPU
		{B7A327D9-B3DD-4035-A655-4DC54B9930C6}.Release|Any CPU.ActiveCfg = Release|Any CPU
		{B7A327D9-B3DD-4035-A655-4DC54B9930C6}.Release|Any CPU.Build.0 = Release|Any CPU
	EndGlobalSection
	GlobalSection(SolutionProperties) = preSolution
		HideSolutionNode = FALSE
	EndGlobalSection
	GlobalSection(NestedProjects) = preSolution
		{D109B2CF-CDE1-4E6F-BF9A-0E753CC7D456} = {16BCABEE-0867-4DA2-BC51-61B740A4DB43}
		{2501CE4A-3F4F-4E77-B6FD-7C3FEEC8C8E2} = {D0C737FB-F339-445A-8BE6-8B5106358AFE}
		{10F535E5-F8F1-4FE7-AF07-9E604EA88662} = {27844A15-2693-45E1-9B05-BB6666FC128D}
		{BFC93E9E-7DF1-DE76-A516-6A8B8191BBCE} = {1704C3CC-BD92-4E4B-8A08-31860941F74F}
		{9A8E0233-C3F4-428D-A748-9DE9E9D37AC0} = {D0C737FB-F339-445A-8BE6-8B5106358AFE}
		{D78F17EC-A83A-4650-AA79-B21378698A66} = {1704C3CC-BD92-4E4B-8A08-31860941F74F}
		{123F82BC-F326-436A-8E9C-B0816859B16E} = {27844A15-2693-45E1-9B05-BB6666FC128D}
		{A790B055-ED79-41D6-94F8-BDE563439933} = {27844A15-2693-45E1-9B05-BB6666FC128D}
		{038F7EA3-F43F-412B-9F03-D99CB9502C13} = {02EA681E-C7D8-13C7-8484-4AC65E1B71E8}
		{89BEF829-90F7-4127-9877-565D4BA955EF} = {16BCABEE-0867-4DA2-BC51-61B740A4DB43}
		{0D068EED-BCEE-463C-A51F-E535458A72C2} = {16BCABEE-0867-4DA2-BC51-61B740A4DB43}
		{B7A327D9-B3DD-4035-A655-4DC54B9930C6} = {02EA681E-C7D8-13C7-8484-4AC65E1B71E8}
	EndGlobalSection
	GlobalSection(ExtensibilityGlobals) = postSolution
		SolutionGuid = {03FAA2E3-B831-4B51-9E55-9E41C3365066}
	EndGlobalSection
EndGlobal
